
Microsoft Visual Studio Solution File, Format Version 12.00
# Visual Studio Version 17
VisualStudioVersion = 17.12.35521.163 d17.12
MinimumVisualStudioVersion = 10.0.40219.1
Project("{FAE04EC0-301F-11D3-BF4B-00C04F79EFBC}") = "Homework_proektirovanie", "Homework_proektirovanie.csproj", "{BB79DE1C-1BD7-4FF7-A5B8-2872133F833F}"
EndProject
Project("{2150E333-8FDC-42A3-9474-1A3956D46DE8}") = "Элементы решения", "Элементы решения", "{28216F0A-C48C-46A1-A4D8-997FF08254D9}"
	ProjectSection(SolutionItems) = preProject
		Точечный рисунок1.bmp = Точечный рисунок1.bmp
	EndProjectSection
EndProject
Global
	GlobalSection(SolutionConfigurationPlatforms) = preSolution
		Debug|Any CPU = Debug|Any CPU
		Release|Any CPU = Release|Any CPU
	EndGlobalSection
	GlobalSection(ProjectConfigurationPlatforms) = postSolution
		{BB79DE1C-1BD7-4FF7-A5B8-2872133F833F}.Debug|Any CPU.ActiveCfg = Debug|Any CPU
		{BB79DE1C-1BD7-4FF7-A5B8-2872133F833F}.Debug|Any CPU.Build.0 = Debug|Any CPU
		{BB79DE1C-1BD7-4FF7-A5B8-2872133F833F}.Release|Any CPU.ActiveCfg = Release|Any CPU
		{BB79DE1C-1BD7-4FF7-A5B8-2872133F833F}.Release|Any CPU.Build.0 = Release|Any CPU
	EndGlobalSection
	GlobalSection(SolutionProperties) = preSolution
		HideSolutionNode = FALSE
	EndGlobalSection
EndGlobal
